
Microsoft Visual Studio Solution File, Format Version 12.00
# Visual Studio Version 17
VisualStudioVersion = 17.9.34902.65
MinimumVisualStudioVersion = 10.0.40219.1
Project("{9A19103F-16F7-4668-BE54-9A1E7A4F7556}") = "SimpleLogger", "SimpleLogger\SimpleLogger.csproj", "{2DA0E34D-91D4-4557-AA1B-F44E92295DCF}"
EndProject
Project("{9A19103F-16F7-4668-BE54-9A1E7A4F7556}") = "LoggerTestApp", "LoggerTestApp\LoggerTestApp.csproj", "{DF94918B-DBEB-4D93-A551-88CA94ABF488}"
EndProject
Project("{FAE04EC0-301F-11D3-BF4B-00C04F79EFBC}") = "SimpleLoggerTests", "SimpleLoggerTests\SimpleLoggerTests.csproj", "{2831152B-C481-409F-92C5-BB7775999E89}"
EndProject
Global
	GlobalSection(SolutionConfigurationPlatforms) = preSolution
		Debug|Any CPU = Debug|Any CPU
		Release|Any CPU = Release|Any CPU
	EndGlobalSection
	GlobalSection(ProjectConfigurationPlatforms) = postSolution
		{2DA0E34D-91D4-4557-AA1B-F44E92295DCF}.Debug|Any CPU.ActiveCfg = Debug|Any CPU
		{2DA0E34D-91D4-4557-AA1B-F44E92295DCF}.Debug|Any CPU.Build.0 = Debug|Any CPU
		{2DA0E34D-91D4-4557-AA1B-F44E92295DCF}.Release|Any CPU.ActiveCfg = Release|Any CPU
		{2DA0E34D-91D4-4557-AA1B-F44E92295DCF}.Release|Any CPU.Build.0 = Release|Any CPU
		{DF94918B-DBEB-4D93-A551-88CA94ABF488}.Debug|Any CPU.ActiveCfg = Debug|Any CPU
		{DF94918B-DBEB-4D93-A551-88CA94ABF488}.Debug|Any CPU.Build.0 = Debug|Any CPU
		{DF94918B-DBEB-4D93-A551-88CA94ABF488}.Release|Any CPU.ActiveCfg = Release|Any CPU
		{DF94918B-DBEB-4D93-A551-88CA94ABF488}.Release|Any CPU.Build.0 = Release|Any CPU
		{2831152B-C481-409F-92C5-BB7775999E89}.Debug|Any CPU.ActiveCfg = Debug|Any CPU
		{2831152B-C481-409F-92C5-BB7775999E89}.Debug|Any CPU.Build.0 = Debug|Any CPU
		{2831152B-C481-409F-92C5-BB7775999E89}.Release|Any CPU.ActiveCfg = Release|Any CPU
		{2831152B-C481-409F-92C5-BB7775999E89}.Release|Any CPU.Build.0 = Release|Any CPU
	EndGlobalSection
	GlobalSection(SolutionProperties) = preSolution
		HideSolutionNode = FALSE
	EndGlobalSection
	GlobalSection(ExtensibilityGlobals) = postSolution
		SolutionGuid = {4CBDC979-E1E3-4CDD-84D8-4C877D8833CB}
	EndGlobalSection
EndGlobal
